
Microsoft Visual Studio Solution File, Format Version 12.00
# Visual Studio Version 16
VisualStudioVersion = 16.0.31702.278
MinimumVisualStudioVersion = 10.0.40219.1
Project("{FAE04EC0-301F-11D3-BF4B-00C04F79EFBC}") = "ecoocean", "ecoocean.csproj", "{116009D5-287A-41D5-8C1D-F9414CFF343D}"
EndProject
Global
	GlobalSection(SolutionConfigurationPlatforms) = preSolution
		Debug|Any CPU = Debug|Any CPU
		Release|Any CPU = Release|Any CPU
	EndGlobalSection
	GlobalSection(ProjectConfigurationPlatforms) = postSolution
		{116009D5-287A-41D5-8C1D-F9414CFF343D}.Debug|Any CPU.ActiveCfg = Debug|Any CPU
		{116009D5-287A-41D5-8C1D-F9414CFF343D}.Debug|Any CPU.Build.0 = Debug|Any CPU
		{116009D5-287A-41D5-8C1D-F9414CFF343D}.Release|Any CPU.ActiveCfg = Release|Any CPU
		{116009D5-287A-41D5-8C1D-F9414CFF343D}.Release|Any CPU.Build.0 = Release|Any CPU
	EndGlobalSection
	GlobalSection(SolutionProperties) = preSolution
		HideSolutionNode = FALSE
	EndGlobalSection
	GlobalSection(ExtensibilityGlobals) = postSolution
		SolutionGuid = {E46B469A-BA07-443B-8912-7DE8399BF9E0}
	EndGlobalSection
EndGlobal
